
Microsoft Visual Studio Solution File, Format Version 12.00
# Visual Studio Version 17
VisualStudioVersion = 17.10.35013.160
MinimumVisualStudioVersion = 10.0.40219.1
Project("{9A19103F-16F7-4668-BE54-9A1E7A4F7556}") = "CarRental", "CarRental\CarRental.csproj", "{8C28B2EB-EE09-41BF-8E64-B07E65794F90}"
EndProject
Project("{2150E333-8FDC-42A3-9474-1A3956D46DE8}") = "Solution Items", "Solution Items", "{259AACC1-8E0D-4E36-9BE9-CA441D050244}"
	ProjectSection(SolutionItems) = preProject
		README.md = README.md
	EndProjectSection
EndProject
Global
	GlobalSection(SolutionConfigurationPlatforms) = preSolution
		Debug|Any CPU = Debug|Any CPU
		Release|Any CPU = Release|Any CPU
	EndGlobalSection
	GlobalSection(ProjectConfigurationPlatforms) = postSolution
		{8C28B2EB-EE09-41BF-8E64-B07E65794F90}.Debug|Any CPU.ActiveCfg = Debug|Any CPU
		{8C28B2EB-EE09-41BF-8E64-B07E65794F90}.Debug|Any CPU.Build.0 = Debug|Any CPU
		{8C28B2EB-EE09-41BF-8E64-B07E65794F90}.Release|Any CPU.ActiveCfg = Release|Any CPU
		{8C28B2EB-EE09-41BF-8E64-B07E65794F90}.Release|Any CPU.Build.0 = Release|Any CPU
	EndGlobalSection
	GlobalSection(SolutionProperties) = preSolution
		HideSolutionNode = FALSE
	EndGlobalSection
	GlobalSection(ExtensibilityGlobals) = postSolution
		SolutionGuid = {3F7CA255-9015-4B58-90A0-513FD1F1E869}
	EndGlobalSection
EndGlobal
